
Microsoft Visual Studio Solution File, Format Version 12.00
# Visual Studio Version 17
VisualStudioVersion = 17.0.31903.59
MinimumVisualStudioVersion = 10.0.40219.1
Project("{FAE04EC0-301F-11D3-BF4B-00C04F79EFBC}") = "API", "API\API.csproj", "{8941E11C-64A4-4043-891E-AA217A145937}"
EndProject
Project("{FAE04EC0-301F-11D3-BF4B-00C04F79EFBC}") = "Application", "Application\Application.csproj", "{CA42820F-D27A-4619-851C-9D3B3B97EB0E}"
EndProject
Project("{FAE04EC0-301F-11D3-BF4B-00C04F79EFBC}") = "Domain", "Domain\Domain.csproj", "{71E08ACA-659C-4171-BE61-BCDDFBBDE0E1}"
EndProject
Project("{FAE04EC0-301F-11D3-BF4B-00C04F79EFBC}") = "Persistence", "Persistence\Persistence.csproj", "{A6C00F65-7412-4712-A3A8-14339181177D}"
EndProject
Global
	GlobalSection(SolutionConfigurationPlatforms) = preSolution
		Debug|Any CPU = Debug|Any CPU
		Release|Any CPU = Release|Any CPU
	EndGlobalSection
	GlobalSection(SolutionProperties) = preSolution
		HideSolutionNode = FALSE
	EndGlobalSection
	GlobalSection(ProjectConfigurationPlatforms) = postSolution
		{8941E11C-64A4-4043-891E-AA217A145937}.Debug|Any CPU.ActiveCfg = Debug|Any CPU
		{8941E11C-64A4-4043-891E-AA217A145937}.Debug|Any CPU.Build.0 = Debug|Any CPU
		{8941E11C-64A4-4043-891E-AA217A145937}.Release|Any CPU.ActiveCfg = Release|Any CPU
		{8941E11C-64A4-4043-891E-AA217A145937}.Release|Any CPU.Build.0 = Release|Any CPU
		{CA42820F-D27A-4619-851C-9D3B3B97EB0E}.Debug|Any CPU.ActiveCfg = Debug|Any CPU
		{CA42820F-D27A-4619-851C-9D3B3B97EB0E}.Debug|Any CPU.Build.0 = Debug|Any CPU
		{CA42820F-D27A-4619-851C-9D3B3B97EB0E}.Release|Any CPU.ActiveCfg = Release|Any CPU
		{CA42820F-D27A-4619-851C-9D3B3B97EB0E}.Release|Any CPU.Build.0 = Release|Any CPU
		{71E08ACA-659C-4171-BE61-BCDDFBBDE0E1}.Debug|Any CPU.ActiveCfg = Debug|Any CPU
		{71E08ACA-659C-4171-BE61-BCDDFBBDE0E1}.Debug|Any CPU.Build.0 = Debug|Any CPU
		{71E08ACA-659C-4171-BE61-BCDDFBBDE0E1}.Release|Any CPU.ActiveCfg = Release|Any CPU
		{71E08ACA-659C-4171-BE61-BCDDFBBDE0E1}.Release|Any CPU.Build.0 = Release|Any CPU
		{A6C00F65-7412-4712-A3A8-14339181177D}.Debug|Any CPU.ActiveCfg = Debug|Any CPU
		{A6C00F65-7412-4712-A3A8-14339181177D}.Debug|Any CPU.Build.0 = Debug|Any CPU
		{A6C00F65-7412-4712-A3A8-14339181177D}.Release|Any CPU.ActiveCfg = Release|Any CPU
		{A6C00F65-7412-4712-A3A8-14339181177D}.Release|Any CPU.Build.0 = Release|Any CPU
	EndGlobalSection
EndGlobal
